{
  "name": "custodians_cash_movements_to_spaceship_connector",
  "lockfileVersion": 2,
  "requires": true,
  "packages": {
    "": {
      "dependencies": {
        "@noble/ed25519": "^1.7.1",
        "dotenv": "^16.0.3",
        "nodemailer": "^6.8.0",
        "nonce-next": "^1.1.0",
        "strftime": "^0.10.1"
      }
    },
    "node_modules/@noble/ed25519": {
      "version": "1.7.3",
      "resolved": "https://registry.npmjs.org/@noble/ed25519/-/ed25519-1.7.3.tgz",
      "integrity": "sha512-iR8GBkDt0Q3GyaVcIu7mSsVIqnFbkbRzGLWlvhwunacoLwt4J3swfKhfaM6rN6WY+TBGoYT1GtT1mIh2/jGbRQ==",
      "funding": [
        {
          "type": "individual",
          "url": "https://paulmillr.com/funding/"
        }
      ]
    },
    "node_modules/dotenv": {
      "version": "16.3.1",
      "resolved": "https://registry.npmjs.org/dotenv/-/dotenv-16.3.1.tgz",
      "integrity": "sha512-IPzF4w4/Rd94bA9imS68tZBaYyBWSCE47V1RGuMrB94iyTOIEwRmVL2x/4An+6mETpLrKJ5hQkB8W4kFAadeIQ==",
      "engines": {
        "node": ">=12"
      },
      "funding": {
        "url": "https://github.com/motdotla/dotenv?sponsor=1"
      }
    },
    "node_modules/lru-cache": {
      "version": "4.1.5",
      "resolved": "https://registry.npmjs.org/lru-cache/-/lru-cache-4.1.5.tgz",
      "integrity": "sha512-sWZlbEP2OsHNkXrMl5GYk/jKk70MBng6UU4YI/qGDYbgf6YbP4EvmqISbXCoJiRKs+1bSpFHVgQxvJ17F2li5g==",
      "dependencies": {
        "pseudomap": "^1.0.2",
        "yallist": "^2.1.2"
      }
    },
    "node_modules/nodemailer": {
      "version": "6.9.7",
      "resolved": "https://registry.npmjs.org/nodemailer/-/nodemailer-6.9.7.tgz",
      "integrity": "sha512-rUtR77ksqex/eZRLmQ21LKVH5nAAsVicAtAYudK7JgwenEDZ0UIQ1adUGqErz7sMkWYxWTTU1aeP2Jga6WQyJw==",
      "engines": {
        "node": ">=6.0.0"
      }
    },
    "node_modules/nonce": {
      "version": "1.0.4",
      "resolved": "https://registry.npmjs.org/nonce/-/nonce-1.0.4.tgz",
      "integrity": "sha512-FVPu+tMZPP91HDwiq1DNhn9WIhg4/uo6mXR0xXAn0IMOxDmjJOkgbH0tm7qtowvAFZofWZRX+9KWZpNURrgtSA==",
      "engines": {
        "node": ">=0.6"
      }
    },
    "node_modules/nonce-next": {
      "version": "1.1.0",
      "resolved": "https://registry.npmjs.org/nonce-next/-/nonce-next-1.1.0.tgz",
      "integrity": "sha512-6U1zWwea0obRKPBLzosK/Ns6WMmSrJQe1skf28AX0e8HUkJslg3ct1mMYH/ZGKnkCaODVpAYm5HgMLceUR9ixA==",
      "dependencies": {
        "lru-cache": "^4.1.3",
        "nonce": "^1.0.4"
      }
    },
    "node_modules/pseudomap": {
      "version": "1.0.2",
      "resolved": "https://registry.npmjs.org/pseudomap/-/pseudomap-1.0.2.tgz",
      "integrity": "sha512-b/YwNhb8lk1Zz2+bXXpS/LK9OisiZZ1SNsSLxN1x2OXVEhW2Ckr/7mWE5vrC1ZTiJlD9g19jWszTmJsB+oEpFQ=="
    },
    "node_modules/strftime": {
      "version": "0.10.2",
      "resolved": "https://registry.npmjs.org/strftime/-/strftime-0.10.2.tgz",
      "integrity": "sha512-Y6IZaTVM80chcMe7j65Gl/0nmlNdtt+KWPle5YeCAjmsBfw+id2qdaJ5MDrxUq+OmHKab+jHe7mUjU/aNMSZZg==",
      "engines": {
        "node": ">=0.2.0"
      }
    },
    "node_modules/yallist": {
      "version": "2.1.2",
      "resolved": "https://registry.npmjs.org/yallist/-/yallist-2.1.2.tgz",
      "integrity": "sha512-ncTzHV7NvsQZkYe1DW7cbDLm0YpzHmZF5r/iyP3ZnQtMiJ+pjzisCiMNI+Sj+xQF5pXhSHxSB3uDbsBTzY/c2A=="
    }
  },
  "dependencies": {
    "@noble/ed25519": {
      "version": "1.7.3",
      "resolved": "https://registry.npmjs.org/@noble/ed25519/-/ed25519-1.7.3.tgz",
      "integrity": "sha512-iR8GBkDt0Q3GyaVcIu7mSsVIqnFbkbRzGLWlvhwunacoLwt4J3swfKhfaM6rN6WY+TBGoYT1GtT1mIh2/jGbRQ=="
    },
    "dotenv": {
      "version": "16.3.1",
      "resolved": "https://registry.npmjs.org/dotenv/-/dotenv-16.3.1.tgz",
      "integrity": "sha512-IPzF4w4/Rd94bA9imS68tZBaYyBWSCE47V1RGuMrB94iyTOIEwRmVL2x/4An+6mETpLrKJ5hQkB8W4kFAadeIQ=="
    },
    "lru-cache": {
      "version": "4.1.5",
      "resolved": "https://registry.npmjs.org/lru-cache/-/lru-cache-4.1.5.tgz",
      "integrity": "sha512-sWZlbEP2OsHNkXrMl5GYk/jKk70MBng6UU4YI/qGDYbgf6YbP4EvmqISbXCoJiRKs+1bSpFHVgQxvJ17F2li5g==",
      "requires": {
        "pseudomap": "^1.0.2",
        "yallist": "^2.1.2"
      }
    },
    "nodemailer": {
      "version": "6.9.7",
      "resolved": "https://registry.npmjs.org/nodemailer/-/nodemailer-6.9.7.tgz",
      "integrity": "sha512-rUtR77ksqex/eZRLmQ21LKVH5nAAsVicAtAYudK7JgwenEDZ0UIQ1adUGqErz7sMkWYxWTTU1aeP2Jga6WQyJw=="
    },
    "nonce": {
      "version": "1.0.4",
      "resolved": "https://registry.npmjs.org/nonce/-/nonce-1.0.4.tgz",
      "integrity": "sha512-FVPu+tMZPP91HDwiq1DNhn9WIhg4/uo6mXR0xXAn0IMOxDmjJOkgbH0tm7qtowvAFZofWZRX+9KWZpNURrgtSA=="
    },
    "nonce-next": {
      "version": "1.1.0",
      "resolved": "https://registry.npmjs.org/nonce-next/-/nonce-next-1.1.0.tgz",
      "integrity": "sha512-6U1zWwea0obRKPBLzosK/Ns6WMmSrJQe1skf28AX0e8HUkJslg3ct1mMYH/ZGKnkCaODVpAYm5HgMLceUR9ixA==",
      "requires": {
        "lru-cache": "^4.1.3",
        "nonce": "^1.0.4"
      }
    },
    "pseudomap": {
      "version": "1.0.2",
      "resolved": "https://registry.npmjs.org/pseudomap/-/pseudomap-1.0.2.tgz",
      "integrity": "sha512-b/YwNhb8lk1Zz2+bXXpS/LK9OisiZZ1SNsSLxN1x2OXVEhW2Ckr/7mWE5vrC1ZTiJlD9g19jWszTmJsB+oEpFQ=="
    },
    "strftime": {
      "version": "0.10.2",
      "resolved": "https://registry.npmjs.org/strftime/-/strftime-0.10.2.tgz",
      "integrity": "sha512-Y6IZaTVM80chcMe7j65Gl/0nmlNdtt+KWPle5YeCAjmsBfw+id2qdaJ5MDrxUq+OmHKab+jHe7mUjU/aNMSZZg=="
    },
    "yallist": {
      "version": "2.1.2",
      "resolved": "https://registry.npmjs.org/yallist/-/yallist-2.1.2.tgz",
      "integrity": "sha512-ncTzHV7NvsQZkYe1DW7cbDLm0YpzHmZF5r/iyP3ZnQtMiJ+pjzisCiMNI+Sj+xQF5pXhSHxSB3uDbsBTzY/c2A=="
    }
  }
}
